github.com/DWVoid/calm v0.0.2 h1:73Bz6Gk061lhu7/paR5PkwUvF9YFxGRKQC6btH33q5Y=
github.com/DWVoid/calm v0.0.2/go.mod h1:2ypsOWKmNmtRP2P7D4MOj6Cau5ghdU7xC1cZfAX856I=
github.com/DWVoid/cart v0.0.2 h1:kVXINLOKlDgDH8AN/xGdUaOwFksMbb5jF0XTYZrz/r0=
github.com/DWVoid/cart v0.0.2/go.mod h1:+48mPoOHOjS6v1hrsKTY1NFSPao9UlouOsJeiDhr+Y0=
